// !$*UTF8*$!
{
	archiveVersion = 1;
	classes = {
	};
	objectVersion = 55;
	objects = {

/* Begin PBXBuildFile section */
		B3054B7B274317B300DE4D56 /* Timer_SwiftUIApp.swift in Sources */ = {isa = PBXBuildFile; fileRef = B3054B7A274317B300DE4D56 /* Timer_SwiftUIApp.swift */; };
		B3054B7D274317B300DE4D56 /* ContentView.swift in Sources */ = {isa = PBXBuildFile; fileRef = B3054B7C274317B300DE4D56 /* ContentView.swift */; };
		B3054B7F274317B700DE4D56 /* Assets.xcassets in Resources */ = {isa = PBXBuildFile; fileRef = B3054B7E274317B700DE4D56 /* Assets.xcassets */; };
		B3054B82274317B700DE4D56 /* Preview Assets.xcassets in Resources */ = {isa = PBXBuildFile; fileRef = B3054B81274317B700DE4D56 /* Preview Assets.xcassets */; };
		B3054B84274317B700DE4D56 /* Persistence.swift in Sources */ = {isa = PBXBuildFile; fileRef = B3054B83274317B700DE4D56 /* Persistence.swift */; };
		B3054B87274317B700DE4D56 /* Timer_SwiftUI.xcdatamodeld in Sources */ = {isa = PBXBuildFile; fileRef = B3054B85274317B700DE4D56 /* Timer_SwiftUI.xcdatamodeld */; };
		B3054B91274317B700DE4D56 /* Timer_SwiftUITests.swift in Sources */ = {isa = PBXBuildFile; fileRef = B3054B90274317B700DE4D56 /* Timer_SwiftUITests.swift */; };
		B3054B9B274317B700DE4D56 /* Timer_SwiftUIUITests.swift in Sources */ = {isa = PBXBuildFile; fileRef = B3054B9A274317B700DE4D56 /* Timer_SwiftUIUITests.swift */; };
		B3054B9D274317B700DE4D56 /* Timer_SwiftUIUITestsLaunchTests.swift in Sources */ = {isa = PBXBuildFile; fileRef = B3054B9C274317B700DE4D56 /* Timer_SwiftUIUITestsLaunchTests.swift */; };
/* End PBXBuildFile section */

/* Begin PBXContainerItemProxy section */
		B3054B8D274317B700DE4D56 /* PBXContainerItemProxy */ = {
			isa = PBXContainerItemProxy;
			containerPortal = B3054B6F274317B300DE4D56 /* Project object */;
			proxyType = 1;
			remoteGlobalIDString = B3054B76274317B300DE4D56;
			remoteInfo = "Timer SwiftUI";
		};
		B3054B97274317B700DE4D56 /* PBXContainerItemProxy */ = {
			isa = PBXContainerItemProxy;
			containerPortal = B3054B6F274317B300DE4D56 /* Project object */;
			proxyType = 1;
			remoteGlobalIDString = B3054B76274317B300DE4D56;
			remoteInfo = "Timer SwiftUI";
		};
/* End PBXContainerItemProxy section */

/* Begin PBXFileReference section */
		B3054B77274317B300DE4D56 /* Timer SwiftUI.app */ = {isa = PBXFileReference; explicitFileType = wrapper.application; includeInIndex = 0; path = "Timer SwiftUI.app"; sourceTree = BUILT_PRODUCTS_DIR; };
		B3054B7A274317B300DE4D56 /* Timer_SwiftUIApp.swift */ = {isa = PBXFileReference; lastKnownFileType = sourcecode.swift; path = Timer_SwiftUIApp.swift; sourceTree = "<group>"; };
		B3054B7C274317B300DE4D56 /* ContentView.swift */ = {isa = PBXFileReference; lastKnownFileType = sourcecode.swift; path = ContentView.swift; sourceTree = "<group>"; };
		B3054B7E274317B700DE4D56 /* Assets.xcassets */ = {isa = PBXFileReference; lastKnownFileType = folder.assetcatalog; path = Assets.xcassets; sourceTree = "<group>"; };
		B3054B81274317B700DE4D56 /* Preview Assets.xcassets */ = {isa = PBXFileReference; lastKnownFileType = folder.assetcatalog; path = "Preview Assets.xcassets"; sourceTree = "<group>"; };
		B3054B83274317B700DE4D56 /* Persistence.swift */ = {isa = PBXFileReference; lastKnownFileType = sourcecode.swift; path = Persistence.swift; sourceTree = "<group>"; };
		B3054B86274317B700DE4D56 /* Timer_SwiftUI.xcdatamodel */ = {isa = PBXFileReference; lastKnownFileType = wrapper.xcdatamodel; path = Timer_SwiftUI.xcdatamodel; sourceTree = "<group>"; };
		B3054B8C274317B700DE4D56 /* Timer SwiftUITests.xctest */ = {isa = PBXFileReference; explicitFileType = wrapper.cfbundle; includeInIndex = 0; path = "Timer SwiftUITests.xctest"; sourceTree = BUILT_PRODUCTS_DIR; };
		B3054B90274317B700DE4D56 /* Timer_SwiftUITests.swift */ = {isa = PBXFileReference; lastKnownFileType = sourcecode.swift; path = Timer_SwiftUITests.swift; sourceTree = "<group>"; };
		B3054B96274317B700DE4D56 /* Timer SwiftUIUITests.xctest */ = {isa = PBXFileReference; explicitFileType = wrapper.cfbundle; includeInIndex = 0; path = "Timer SwiftUIUITests.xctest"; sourceTree = BUILT_PRODUCTS_DIR; };
		B3054B9A274317B700DE4D56 /* Timer_SwiftUIUITests.swift */ = {isa = PBXFileReference; lastKnownFileType = sourcecode.swift; path = Timer_SwiftUIUITests.swift; sourceTree = "<group>"; };
		B3054B9C274317B700DE4D56 /* Timer_SwiftUIUITestsLaunchTests.swift */ = {isa = PBXFileReference; lastKnownFileType = sourcecode.swift; path = Timer_SwiftUIUITestsLaunchTests.swift; sourceTree = "<group>"; };
/* End PBXFileReference section */

/* Begin PBXFrameworksBuildPhase section */
		B3054B74274317B300DE4D56 /* Frameworks */ = {
			isa = PBXFrameworksBuildPhase;
			buildActionMask = 2147483647;
			files = (
			);
			runOnlyForDeploymentPostprocessing = 0;
		};
		B3054B89274317B700DE4D56 /* Frameworks */ = {
			isa = PBXFrameworksBuildPhase;
			buildActionMask = 2147483647;
			files = (
			);
			runOnlyForDeploymentPostprocessing = 0;
		};
		B3054B93274317B700DE4D56 /* Frameworks */ = {
			isa = PBXFrameworksBuildPhase;
			buildActionMask = 2147483647;
			files = (
			);
			runOnlyForDeploymentPostprocessing = 0;
		};
/* End PBXFrameworksBuildPhase section */

/* Begin PBXGroup section */
		B3054B6E274317B300DE4D56 = {
			isa = PBXGroup;
			children = (
				B3054B79274317B300DE4D56 /* Timer SwiftUI */,
				B3054B8F274317B700DE4D56 /* Timer SwiftUITests */,
				B3054B99274317B700DE4D56 /* Timer SwiftUIUITests */,
				B3054B78274317B300DE4D56 /* Products */,
			);
			sourceTree = "<group>";
		};
		B3054B78274317B300DE4D56 /* Products */ = {
			isa = PBXGroup;
			children = (
				B3054B77274317B300DE4D56 /* Timer SwiftUI.app */,
				B3054B8C274317B700DE4D56 /* Timer SwiftUITests.xctest */,
				B3054B96274317B700DE4D56 /* Timer SwiftUIUITests.xctest */,
			);
			name = Products;
			sourceTree = "<group>";
		};
		B3054B79274317B300DE4D56 /* Timer SwiftUI */ = {
			isa = PBXGroup;
			children = (
				B3054B7A274317B300DE4D56 /* Timer_SwiftUIApp.swift */,
				B3054B7C274317B300DE4D56 /* ContentView.swift */,
				B3054B7E274317B700DE4D56 /* Assets.xcassets */,
				B3054B83274317B700DE4D56 /* Persistence.swift */,
				B3054B85274317B700DE4D56 /* Timer_SwiftUI.xcdatamodeld */,
				B3054B80274317B700DE4D56 /* Preview Content */,
			);
			path = "Timer SwiftUI";
			sourceTree = "<group>";
		};
		B3054B80274317B700DE4D56 /* Preview Content */ = {
			isa = PBXGroup;
			children = (
				B3054B81274317B700DE4D56 /* Preview Assets.xcassets */,
			);
			path = "Preview Content";
			sourceTree = "<group>";
		};
		B3054B8F274317B700DE4D56 /* Timer SwiftUITests */ = {
			isa = PBXGroup;
			children = (
				B3054B90274317B700DE4D56 /* Timer_SwiftUITests.swift */,
			);
			path = "Timer SwiftUITests";
			sourceTree = "<group>";
		};
		B3054B99274317B700DE4D56 /* Timer SwiftUIUITests */ = {
			isa = PBXGroup;
			children = (
				B3054B9A274317B700DE4D56 /* Timer_SwiftUIUITests.swift */,
				B3054B9C274317B700DE4D56 /* Timer_SwiftUIUITestsLaunchTests.swift */,
			);
			path = "Timer SwiftUIUITests";
			sourceTree = "<group>";
		};
/* End PBXGroup section */

/* Begin PBXNativeTarget section */
		B3054B76274317B300DE4D56 /* Timer SwiftUI */ = {
			isa = PBXNativeTarget;
			buildConfigurationList = B3054BA0274317B700DE4D56 /* Build configuration list for PBXNativeTarget "Timer SwiftUI" */;
			buildPhases = (
				B3054B73274317B300DE4D56 /* Sources */,
				B3054B74274317B300DE4D56 /* Frameworks */,
				B3054B75274317B300DE4D56 /* Resources */,
			);
			buildRules = (
			);
			dependencies = (
			);
			name = "Timer SwiftUI";
			productName = "Timer SwiftUI";
			productReference = B3054B77274317B300DE4D56 /* Timer SwiftUI.app */;
			productType = "com.apple.product-type.application";
		};
		B3054B8B274317B700DE4D56 /* Timer SwiftUITests */ = {
			isa = PBXNativeTarget;
			buildConfigurationList = B3054BA3274317B700DE4D56 /* Build configuration list for PBXNativeTarget "Timer SwiftUITests" */;
			buildPhases = (
				B3054B88274317B700DE4D56 /* Sources */,
				B3054B89274317B700DE4D56 /* Frameworks */,
				B3054B8A274317B700DE4D56 /* Resources */,
			);
			buildRules = (
			);
			dependencies = (
				B3054B8E274317B700DE4D56 /* PBXTargetDependency */,
			);
			name = "Timer SwiftUITests";
			productName = "Timer SwiftUITests";
			productReference = B3054B8C274317B700DE4D56 /* Timer SwiftUITests.xctest */;
			productType = "com.apple.product-type.bundle.unit-test";
		};
		B3054B95274317B700DE4D56 /* Timer SwiftUIUITests */ = {
			isa = PBXNativeTarget;
			buildConfigurationList = B3054BA6274317B700DE4D56 /* Build configuration list for PBXNativeTarget "Timer SwiftUIUITests" */;
			buildPhases = (
				B3054B92274317B700DE4D56 /* Sources */,
				B3054B93274317B700DE4D56 /* Frameworks */,
				B3054B94274317B700DE4D56 /* Resources */,
			);
			buildRules = (
			);
			dependencies = (
				B3054B98274317B700DE4D56 /* PBXTargetDependency */,
			);
			name = "Timer SwiftUIUITests";
			productName = "Timer SwiftUIUITests";
			productReference = B3054B96274317B700DE4D56 /* Timer SwiftUIUITests.xctest */;
			productType = "com.apple.product-type.bundle.ui-testing";
		};
/* End PBXNativeTarget section */

/* Begin PBXProject section */
		B3054B6F274317B300DE4D56 /* Project object */ = {
			isa = PBXProject;
			attributes = {
				BuildIndependentTargetsInParallel = 1;
				LastSwiftUpdateCheck = 1300;
				LastUpgradeCheck = 1300;
				TargetAttributes = {
					B3054B76274317B300DE4D56 = {
						CreatedOnToolsVersion = 13.0;
					};
					B3054B8B274317B700DE4D56 = {
						CreatedOnToolsVersion = 13.0;
						TestTargetID = B3054B76274317B300DE4D56;
					};
					B3054B95274317B700DE4D56 = {
						CreatedOnToolsVersion = 13.0;
						TestTargetID = B3054B76274317B300DE4D56;
					};
				};
			};
			buildConfigurationList = B3054B72274317B300DE4D56 /* Build configuration list for PBXProject "Timer SwiftUI" */;
			compatibilityVersion = "Xcode 13.0";
			developmentRegion = en;
			hasScannedForEncodings = 0;
			knownRegions = (
				en,
				Base,
			);
			mainGroup = B3054B6E274317B300DE4D56;
			productRefGroup = B3054B78274317B300DE4D56 /* Products */;
			projectDirPath = "";
			projectRoot = "";
			targets = (
				B3054B76274317B300DE4D56 /* Timer SwiftUI */,
				B3054B8B274317B700DE4D56 /* Timer SwiftUITests */,
				B3054B95274317B700DE4D56 /* Timer SwiftUIUITests */,
			);
		};
/* End PBXProject section */

/* Begin PBXResourcesBuildPhase section */
		B3054B75274317B300DE4D56 /* Resources */ = {
			isa = PBXResourcesBuildPhase;
			buildActionMask = 2147483647;
			files = (
				B3054B82274317B700DE4D56 /* Preview Assets.xcassets in Resources */,
				B3054B7F274317B700DE4D56 /* Assets.xcassets in Resources */,
			);
			runOnlyForDeploymentPostprocessing = 0;
		};
		B3054B8A274317B700DE4D56 /* Resources */ = {
			isa = PBXResourcesBuildPhase;
			buildActionMask = 2147483647;
			files = (
			);
			runOnlyForDeploymentPostprocessing = 0;
		};
		B3054B94274317B700DE4D56 /* Resources */ = {
			isa = PBXResourcesBuildPhase;
			buildActionMask = 2147483647;
			files = (
			);
			runOnlyForDeploymentPostprocessing = 0;
		};
/* End PBXResourcesBuildPhase section */

/* Begin PBXSourcesBuildPhase section */
		B3054B73274317B300DE4D56 /* Sources */ = {
			isa = PBXSourcesBuildPhase;
			buildActionMask = 2147483647;
			files = (
				B3054B84274317B700DE4D56 /* Persistence.swift in Sources */,
				B3054B87274317B700DE4D56 /* Timer_SwiftUI.xcdatamodeld in Sources */,
				B3054B7D274317B300DE4D56 /* ContentView.swift in Sources */,
				B3054B7B274317B300DE4D56 /* Timer_SwiftUIApp.swift in Sources */,
			);
			runOnlyForDeploymentPostprocessing = 0;
		};
		B3054B88274317B700DE4D56 /* Sources */ = {
			isa = PBXSourcesBuildPhase;
			buildActionMask = 2147483647;
			files = (
				B3054B91274317B700DE4D56 /* Timer_SwiftUITests.swift in Sources */,
			);
			runOnlyForDeploymentPostprocessing = 0;
		};
		B3054B92274317B700DE4D56 /* Sources */ = {
			isa = PBXSourcesBuildPhase;
			buildActionMask = 2147483647;
			files = (
				B3054B9D274317B700DE4D56 /* Timer_SwiftUIUITestsLaunchTests.swift in Sources */,
				B3054B9B274317B700DE4D56 /* Timer_SwiftUIUITests.swift in Sources */,
			);
			runOnlyForDeploymentPostprocessing = 0;
		};
/* End PBXSourcesBuildPhase section */

/* Begin PBXTargetDependency section */
		B3054B8E274317B700DE4D56 /* PBXTargetDependency */ = {
			isa = PBXTargetDependency;
			target = B3054B76274317B300DE4D56 /* Timer SwiftUI */;
			targetProxy = B3054B8D274317B700DE4D56 /* PBXContainerItemProxy */;
		};
		B3054B98274317B700DE4D56 /* PBXTargetDependency */ = {
			isa = PBXTargetDependency;
			target = B3054B76274317B300DE4D56 /* Timer SwiftUI */;
			targetProxy = B3054B97274317B700DE4D56 /* PBXContainerItemProxy */;
		};
/* End PBXTargetDependency section */

/* Begin XCBuildConfiguration section */
		B3054B9E274317B700DE4D56 /* Debug */ = {
			isa = XCBuildConfiguration;
			buildSettings = {
				ALWAYS_SEARCH_USER_PATHS = NO;
				CLANG_ANALYZER_NONNULL = YES;
				CLANG_ANALYZER_NUMBER_OBJECT_CONVERSION = YES_AGGRESSIVE;
				CLANG_CXX_LANGUAGE_STANDARD = "gnu++17";
				CLANG_CXX_LIBRARY = "libc++";
				CLANG_ENABLE_MODULES = YES;
				CLANG_ENABLE_OBJC_ARC = YES;
				CLANG_ENABLE_OBJC_WEAK = YES;
				CLANG_WARN_BLOCK_CAPTURE_AUTORELEASING = YES;
				CLANG_WARN_BOOL_CONVERSION = YES;
				CLANG_WARN_COMMA = YES;
				CLANG_WARN_CONSTANT_CONVERSION = YES;
				CLANG_WARN_DEPRECATED_OBJC_IMPLEMENTATIONS = YES;
				CLANG_WARN_DIRECT_OBJC_ISA_USAGE = YES_ERROR;
				CLANG_WARN_DOCUMENTATION_COMMENTS = YES;
				CLANG_WARN_EMPTY_BODY = YES;
				CLANG_WARN_ENUM_CONVERSION = YES;
				CLANG_WARN_INFINITE_RECURSION = YES;
				CLANG_WARN_INT_CONVERSION = YES;
				CLANG_WARN_NON_LITERAL_NULL_CONVERSION = YES;
				CLANG_WARN_OBJC_IMPLICIT_RETAIN_SELF = YES;
				CLANG_WARN_OBJC_LITERAL_CONVERSION = YES;
				CLANG_WARN_OBJC_ROOT_CLASS = YES_ERROR;
				CLANG_WARN_QUOTED_INCLUDE_IN_FRAMEWORK_HEADER = YES;
				CLANG_WARN_RANGE_LOOP_ANALYSIS = YES;
				CLANG_WARN_STRICT_PROTOTYPES = YES;
				CLANG_WARN_SUSPICIOUS_MOVE = YES;
				CLANG_WARN_UNGUARDED_AVAILABILITY = YES_AGGRESSIVE;
				CLANG_WARN_UNREACHABLE_CODE = YES;
				CLANG_WARN__DUPLICATE_METHOD_MATCH = YES;
				COPY_PHASE_STRIP = NO;
				DEBUG_INFORMATION_FORMAT = dwarf;
				ENABLE_STRICT_OBJC_MSGSEND = YES;
				ENABLE_TESTABILITY = YES;
				GCC_C_LANGUAGE_STANDARD = gnu11;
				GCC_DYNAMIC_NO_PIC = NO;
				GCC_NO_COMMON_BLOCKS = YES;
				GCC_OPTIMIZATION_LEVEL = 0;
				GCC_PREPROCESSOR_DEFINITIONS = (
					"DEBUG=1",
					"$(inherited)",
				);
				GCC_WARN_64_TO_32_BIT_CONVERSION = YES;
				GCC_WARN_ABOUT_RETURN_TYPE = YES_ERROR;
				GCC_WARN_UNDECLARED_SELECTOR = YES;
				GCC_WARN_UNINITIALIZED_AUTOS = YES_AGGRESSIVE;
				GCC_WARN_UNUSED_FUNCTION = YES;
				GCC_WARN_UNUSED_VARIABLE = YES;
				IPHONEOS_DEPLOYMENT_TARGET = 15.0;
				MTL_ENABLE_DEBUG_INFO = INCLUDE_SOURCE;
				MTL_FAST_MATH = YES;
				ONLY_ACTIVE_ARCH = YES;
				SDKROOT = iphoneos;
				SWIFT_ACTIVE_COMPILATION_CONDITIONS = DEBUG;
				SWIFT_OPTIMIZATION_LEVEL = "-Onone";
			};
			name = Debug;
		};
		B3054B9F274317B700DE4D56 /* Release */ = {
			isa = XCBuildConfiguration;
			buildSettings = {
				ALWAYS_SEARCH_USER_PATHS = NO;
				CLANG_ANALYZER_NONNULL = YES;
				CLANG_ANALYZER_NUMBER_OBJECT_CONVERSION = YES_AGGRESSIVE;
				CLANG_CXX_LANGUAGE_STANDARD = "gnu++17";
				CLANG_CXX_LIBRARY = "libc++";
				CLANG_ENABLE_MODULES = YES;
				CLANG_ENABLE_OBJC_ARC = YES;
				CLANG_ENABLE_OBJC_WEAK = YES;
				CLANG_WARN_BLOCK_CAPTURE_AUTORELEASING = YES;
				CLANG_WARN_BOOL_CONVERSION = YES;
				CLANG_WARN_COMMA = YES;
				CLANG_WARN_CONSTANT_CONVERSION = YES;
				CLANG_WARN_DEPRECATED_OBJC_IMPLEMENTATIONS = YES;
				CLANG_WARN_DIRECT_OBJC_ISA_USAGE = YES_ERROR;
				CLANG_WARN_DOCUMENTATION_COMMENTS = YES;
				CLANG_WARN_EMPTY_BODY = YES;
				CLANG_WARN_ENUM_CONVERSION = YES;
				CLANG_WARN_INFINITE_RECURSION = YES;
				CLANG_WARN_INT_CONVERSION = YES;
				CLANG_WARN_NON_LITERAL_NULL_CONVERSION = YES;
				CLANG_WARN_OBJC_IMPLICIT_RETAIN_SELF = YES;
				CLANG_WARN_OBJC_LITERAL_CONVERSION = YES;
				CLANG_WARN_OBJC_ROOT_CLASS = YES_ERROR;
				CLANG_WARN_QUOTED_INCLUDE_IN_FRAMEWORK_HEADER = YES;
				CLANG_WARN_RANGE_LOOP_ANALYSIS = YES;
				CLANG_WARN_STRICT_PROTOTYPES = YES;
				CLANG_WARN_SUSPICIOUS_MOVE = YES;
				CLANG_WARN_UNGUARDED_AVAILABILITY = YES_AGGRESSIVE;
				CLANG_WARN_UNREACHABLE_CODE = YES;
				CLANG_WARN__DUPLICATE_METHOD_MATCH = YES;
				COPY_PHASE_STRIP = NO;
				DEBUG_INFORMATION_FORMAT = "dwarf-with-dsym";
				ENABLE_NS_ASSERTIONS = NO;
				ENABLE_STRICT_OBJC_MSGSEND = YES;
				GCC_C_LANGUAGE_STANDARD = gnu11;
				GCC_NO_COMMON_BLOCKS = YES;
				GCC_WARN_64_TO_32_BIT_CONVERSION = YES;
				GCC_WARN_ABOUT_RETURN_TYPE = YES_ERROR;
				GCC_WARN_UNDECLARED_SELECTOR = YES;
				GCC_WARN_UNINITIALIZED_AUTOS = YES_AGGRESSIVE;
				GCC_WARN_UNUSED_FUNCTION = YES;
				GCC_WARN_UNUSED_VARIABLE = YES;
				IPHONEOS_DEPLOYMENT_TARGET = 15.0;
				MTL_ENABLE_DEBUG_INFO = NO;
				MTL_FAST_MATH = YES;
				SDKROOT = iphoneos;
				SWIFT_COMPILATION_MODE = wholemodule;
				SWIFT_OPTIMIZATION_LEVEL = "-O";
				VALIDATE_PRODUCT = YES;
			};
			name = Release;
		};
		B3054BA1274317B700DE4D56 /* Debug */ = {
			isa = XCBuildConfiguration;
			buildSettings = {
				ASSETCATALOG_COMPILER_APPICON_NAME = AppIcon;
				ASSETCATALOG_COMPILER_GLOBAL_ACCENT_COLOR_NAME = AccentColor;
				CODE_SIGN_STYLE = Automatic;
				CURRENT_PROJECT_VERSION = 1;
				DEVELOPMENT_ASSET_PATHS = "\"Timer SwiftUI/Preview Content\"";
				DEVELOPMENT_TEAM = G2872655N6;
				ENABLE_PREVIEWS = YES;
				GENERATE_INFOPLIST_FILE = YES;
				INFOPLIST_KEY_UIApplicationSceneManifest_Generation = YES;
				INFOPLIST_KEY_UIApplicationSupportsIndirectInputEvents = YES;
				INFOPLIST_KEY_UILaunchScreen_Generation = YES;
				INFOPLIST_KEY_UISupportedInterfaceOrientations_iPad = "UIInterfaceOrientationPortrait UIInterfaceOrientationPortraitUpsideDown UIInterfaceOrientationLandscapeLeft UIInterfaceOrientationLandscapeRight";
				INFOPLIST_KEY_UISupportedInterfaceOrientations_iPhone = "UIInterfaceOrientationPortrait UIInterfaceOrientationLandscapeLeft UIInterfaceOrientationLandscapeRight";
				IPHONEOS_DEPLOYMENT_TARGET = 14.0;
				LD_RUNPATH_SEARCH_PATHS = (
					"$(inherited)",
					"@executable_path/Frameworks",
				);
				MARKETING_VERSION = 1.0;
				PRODUCT_BUNDLE_IDENTIFIER = "app.somers.Timer-SwiftUI";
				PRODUCT_NAME = "$(TARGET_NAME)";
				SWIFT_EMIT_LOC_STRINGS = YES;
				SWIFT_VERSION = 5.0;
				TARGETED_DEVICE_FAMILY = "1,2";
			};
			name = Debug;
		};
		B3054BA2274317B700DE4D56 /* Release */ = {
			isa = XCBuildConfiguration;
			buildSettings = {
				ASSETCATALOG_COMPILER_APPICON_NAME = AppIcon;
				ASSETCATALOG_COMPILER_GLOBAL_ACCENT_COLOR_NAME = AccentColor;
				CODE_SIGN_STYLE = Automatic;
				CURRENT_PROJECT_VERSION = 1;
				DEVELOPMENT_ASSET_PATHS = "\"Timer SwiftUI/Preview Content\"";
				DEVELOPMENT_TEAM = G2872655N6;
				ENABLE_PREVIEWS = YES;
				GENERATE_INFOPLIST_FILE = YES;
				INFOPLIST_KEY_UIApplicationSceneManifest_Generation = YES;
				INFOPLIST_KEY_UIApplicationSupportsIndirectInputEvents = YES;
				INFOPLIST_KEY_UILaunchScreen_Generation = YES;
				INFOPLIST_KEY_UISupportedInterfaceOrientations_iPad = "UIInterfaceOrientationPortrait UIInterfaceOrientationPortraitUpsideDown UIInterfaceOrientationLandscapeLeft UIInterfaceOrientationLandscapeRight";
				INFOPLIST_KEY_UISupportedInterfaceOrientations_iPhone = "UIInterfaceOrientationPortrait UIInterfaceOrientationLandscapeLeft UIInterfaceOrientationLandscapeRight";
				IPHONEOS_DEPLOYMENT_TARGET = 14.0;
				LD_RUNPATH_SEARCH_PATHS = (
					"$(inherited)",
					"@executable_path/Frameworks",
				);
				MARKETING_VERSION = 1.0;
				PRODUCT_BUNDLE_IDENTIFIER = "app.somers.Timer-SwiftUI";
				PRODUCT_NAME = "$(TARGET_NAME)";
				SWIFT_EMIT_LOC_STRINGS = YES;
				SWIFT_VERSION = 5.0;
				TARGETED_DEVICE_FAMILY = "1,2";
			};
			name = Release;
		};
		B3054BA4274317B700DE4D56 /* Debug */ = {
			isa = XCBuildConfiguration;
			buildSettings = {
				ALWAYS_EMBED_SWIFT_STANDARD_LIBRARIES = YES;
				BUNDLE_LOADER = "$(TEST_HOST)";
				CODE_SIGN_STYLE = Automatic;
				CURRENT_PROJECT_VERSION = 1;
				DEVELOPMENT_TEAM = G2872655N6;
				GENERATE_INFOPLIST_FILE = YES;
				IPHONEOS_DEPLOYMENT_TARGET = 14.0;
				LD_RUNPATH_SEARCH_PATHS = (
					"$(inherited)",
					"@executable_path/Frameworks",
					"@loader_path/Frameworks",
				);
				MARKETING_VERSION = 1.0;
				PRODUCT_BUNDLE_IDENTIFIER = "app.somers.Timer-SwiftUITests";
				PRODUCT_NAME = "$(TARGET_NAME)";
				SWIFT_EMIT_LOC_STRINGS = NO;
				SWIFT_VERSION = 5.0;
				TARGETED_DEVICE_FAMILY = "1,2";
				TEST_HOST = "$(BUILT_PRODUCTS_DIR)/Timer SwiftUI.app/Timer SwiftUI";
			};
			name = Debug;
		};
		B3054BA5274317B700DE4D56 /* Release */ = {
			isa = XCBuildConfiguration;
			buildSettings = {
				ALWAYS_EMBED_SWIFT_STANDARD_LIBRARIES = YES;
				BUNDLE_LOADER = "$(TEST_HOST)";
				CODE_SIGN_STYLE = Automatic;
				CURRENT_PROJECT_VERSION = 1;
				DEVELOPMENT_TEAM = G2872655N6;
				GENERATE_INFOPLIST_FILE = YES;
				IPHONEOS_DEPLOYMENT_TARGET = 14.0;
				LD_RUNPATH_SEARCH_PATHS = (
					"$(inherited)",
					"@executable_path/Frameworks",
					"@loader_path/Frameworks",
				);
				MARKETING_VERSION = 1.0;
				PRODUCT_BUNDLE_IDENTIFIER = "app.somers.Timer-SwiftUITests";
				PRODUCT_NAME = "$(TARGET_NAME)";
				SWIFT_EMIT_LOC_STRINGS = NO;
				SWIFT_VERSION = 5.0;
				TARGETED_DEVICE_FAMILY = "1,2";
				TEST_HOST = "$(BUILT_PRODUCTS_DIR)/Timer SwiftUI.app/Timer SwiftUI";
			};
			name = Release;
		};
		B3054BA7274317B700DE4D56 /* Debug */ = {
			isa = XCBuildConfiguration;
			buildSettings = {
				ALWAYS_EMBED_SWIFT_STANDARD_LIBRARIES = YES;
				CODE_SIGN_STYLE = Automatic;
				CURRENT_PROJECT_VERSION = 1;
				DEVELOPMENT_TEAM = G2872655N6;
				GENERATE_INFOPLIST_FILE = YES;
				LD_RUNPATH_SEARCH_PATHS = (
					"$(inherited)",
					"@executable_path/Frameworks",
					"@loader_path/Frameworks",
				);
				MARKETING_VERSION = 1.0;
				PRODUCT_BUNDLE_IDENTIFIER = "app.somers.Timer-SwiftUIUITests";
				PRODUCT_NAME = "$(TARGET_NAME)";
				SWIFT_EMIT_LOC_STRINGS = NO;
				SWIFT_VERSION = 5.0;
				TARGETED_DEVICE_FAMILY = "1,2";
				TEST_TARGET_NAME = "Timer SwiftUI";
			};
			name = Debug;
		};
		B3054BA8274317B700DE4D56 /* Release */ = {
			isa = XCBuildConfiguration;
			buildSettings = {
				ALWAYS_EMBED_SWIFT_STANDARD_LIBRARIES = YES;
				CODE_SIGN_STYLE = Automatic;
				CURRENT_PROJECT_VERSION = 1;
				DEVELOPMENT_TEAM = G2872655N6;
				GENERATE_INFOPLIST_FILE = YES;
				LD_RUNPATH_SEARCH_PATHS = (
					"$(inherited)",
					"@executable_path/Frameworks",
					"@loader_path/Frameworks",
				);
				MARKETING_VERSION = 1.0;
				PRODUCT_BUNDLE_IDENTIFIER = "app.somers.Timer-SwiftUIUITests";
				PRODUCT_NAME = "$(TARGET_NAME)";
				SWIFT_EMIT_LOC_STRINGS = NO;
				SWIFT_VERSION = 5.0;
				TARGETED_DEVICE_FAMILY = "1,2";
				TEST_TARGET_NAME = "Timer SwiftUI";
			};
			name = Release;
		};
/* End XCBuildConfiguration section */

/* Begin XCConfigurationList section */
		B3054B72274317B300DE4D56 /* Build configuration list for PBXProject "Timer SwiftUI" */ = {
			isa = XCConfigurationList;
			buildConfigurations = (
				B3054B9E274317B700DE4D56 /* Debug */,
				B3054B9F274317B700DE4D56 /* Release */,
			);
			defaultConfigurationIsVisible = 0;
			defaultConfigurationName = Release;
		};
		B3054BA0274317B700DE4D56 /* Build configuration list for PBXNativeTarget "Timer SwiftUI" */ = {
			isa = XCConfigurationList;
			buildConfigurations = (
				B3054BA1274317B700DE4D56 /* Debug */,
				B3054BA2274317B700DE4D56 /* Release */,
			);
			defaultConfigurationIsVisible = 0;
			defaultConfigurationName = Release;
		};
		B3054BA3274317B700DE4D56 /* Build configuration list for PBXNativeTarget "Timer SwiftUITests" */ = {
			isa = XCConfigurationList;
			buildConfigurations = (
				B3054BA4274317B700DE4D56 /* Debug */,
				B3054BA5274317B700DE4D56 /* Release */,
			);
			defaultConfigurationIsVisible = 0;
			defaultConfigurationName = Release;
		};
		B3054BA6274317B700DE4D56 /* Build configuration list for PBXNativeTarget "Timer SwiftUIUITests" */ = {
			isa = XCConfigurationList;
			buildConfigurations = (
				B3054BA7274317B700DE4D56 /* Debug */,
				B3054BA8274317B700DE4D56 /* Release */,
			);
			defaultConfigurationIsVisible = 0;
			defaultConfigurationName = Release;
		};
/* End XCConfigurationList section */

/* Begin XCVersionGroup section */
		B3054B85274317B700DE4D56 /* Timer_SwiftUI.xcdatamodeld */ = {
			isa = XCVersionGroup;
			children = (
				B3054B86274317B700DE4D56 /* Timer_SwiftUI.xcdatamodel */,
			);
			currentVersion = B3054B86274317B700DE4D56 /* Timer_SwiftUI.xcdatamodel */;
			path = Timer_SwiftUI.xcdatamodeld;
			sourceTree = "<group>";
			versionGroupType = wrapper.xcdatamodel;
		};
/* End XCVersionGroup section */
	};
	rootObject = B3054B6F274317B300DE4D56 /* Project object */;
}
